// !$*UTF8*$!
{
	archiveVersion = 1;
	classes = {
	};
	objectVersion = 77;
	objects = {

/* Begin PBXBuildFile section */
		02D4C4ADD903A8EBD9249CC9 /* Preset.swift in Sources */ = {isa = PBXBuildFile; fileRef = 848719F069115F286CC12A7B /* Preset.swift */; };
		0BD1963115498DF37B2F34A5 /* PermissionMonitor.swift in Sources */ = {isa = PBXBuildFile; fileRef = 8A2DA03C25A15A62CDD7258E /* PermissionMonitor.swift */; };
		0CD38FD869C5446D957B8FB9 /* KeyBridgeApp.swift in Sources */ = {isa = PBXBuildFile; fileRef = 197D09D4301A3F0BA2F38291 /* KeyBridgeApp.swift */; };
		10C65A2AF5B64DD68C24FC16 /* Dispatcher.swift in Sources */ = {isa = PBXBuildFile; fileRef = 6E9FAEF38FA76CE2D4EAA172 /* Dispatcher.swift */; };
		16284073E6A06F4B50B3D7AA /* EventTrigger.swift in Sources */ = {isa = PBXBuildFile; fileRef = FDF7168F56E0D73BA47F20D3 /* EventTrigger.swift */; };
		1705151A11975DF807D7F80D /* KeyCombo.swift in Sources */ = {isa = PBXBuildFile; fileRef = 542F7297D61F8E6943745351 /* KeyCombo.swift */; };
		19E2BC68837D322095AC2C1F /* Scope.swift in Sources */ = {isa = PBXBuildFile; fileRef = 380C3DCFF3175605C83D7B44 /* Scope.swift */; };
		1B97BFB873708FD8EB3B7764 /* RulesControllerTests.swift in Sources */ = {isa = PBXBuildFile; fileRef = 0FD19BE2A7EFCF42C02C56D6 /* RulesControllerTests.swift */; };
		1EDF0B708F52B8BD4BDDCFDF /* SyntheticEvent.swift in Sources */ = {isa = PBXBuildFile; fileRef = B222FEA8CEA2D3560F815A6C /* SyntheticEvent.swift */; };
		2027926C27C6697B960913D0 /* Configuration.swift in Sources */ = {isa = PBXBuildFile; fileRef = 128B9CB689364A424B8F3640 /* Configuration.swift */; };
		22FC3D3D1E78412110C0AAB7 /* RuleEditingTests.swift in Sources */ = {isa = PBXBuildFile; fileRef = 12D84228954A785CF91645EF /* RuleEditingTests.swift */; };
		3E32C8A84256148DD82349BE /* OnboardingControllerTests.swift in Sources */ = {isa = PBXBuildFile; fileRef = 9ED462AEC11B59DB1BA5F627 /* OnboardingControllerTests.swift */; };
		41BE24BDAF379813BCB1CAF7 /* EventTapSelfTest.swift in Sources */ = {isa = PBXBuildFile; fileRef = 20E3E3D09A24B8F80A6DFF47 /* EventTapSelfTest.swift */; };
		435FFFBB497EF6A209F57480 /* Rule.swift in Sources */ = {isa = PBXBuildFile; fileRef = D41BF86A97C1D2936EC49111 /* Rule.swift */; };
		48172EC3EC7D66545B713D43 /* KeyCodeLabel.swift in Sources */ = {isa = PBXBuildFile; fileRef = C7ED948C2F00802E52BAF49F /* KeyCodeLabel.swift */; };
		4BBA3228CD04B0CDB593B527 /* KeyCodeLabelTests.swift in Sources */ = {isa = PBXBuildFile; fileRef = DACB321F279D9C7CA78106A6 /* KeyCodeLabelTests.swift */; };
		4EBE8CFB96C59B3FBE7299DC /* Preset.swift in Sources */ = {isa = PBXBuildFile; fileRef = 848719F069115F286CC12A7B /* Preset.swift */; };
		506B3F1B922AC2420E1B1062 /* KeyRecording.swift in Sources */ = {isa = PBXBuildFile; fileRef = B468133EB5D247B76FBE8965 /* KeyRecording.swift */; };
		54E64666073B870126B46981 /* ControlKey.swift in Sources */ = {isa = PBXBuildFile; fileRef = 07804BDC7C51D4B77C914313 /* ControlKey.swift */; };
		573EFCCDB359AFCF1016673D /* RulesController.swift in Sources */ = {isa = PBXBuildFile; fileRef = A754B68EC7A37AE26CECC5C6 /* RulesController.swift */; };
		5B24EAF7E6993482CDD434D3 /* BuiltInRules.swift in Sources */ = {isa = PBXBuildFile; fileRef = D1A1FEF07E1F62E9E0F60548 /* BuiltInRules.swift */; };
		6154E0545939501866AA8601 /* OnboardingController.swift in Sources */ = {isa = PBXBuildFile; fileRef = 96082856ACBC42E969537459 /* OnboardingController.swift */; };
		67D8FC795D67E37F77CCA412 /* AppDelegate.swift in Sources */ = {isa = PBXBuildFile; fileRef = 687E05B9F8DE493CF14920E7 /* AppDelegate.swift */; };
		685FDE358D13454414DC243A /* Sidebar.swift in Sources */ = {isa = PBXBuildFile; fileRef = 794A137375CBE08E7894FE76 /* Sidebar.swift */; };
		69B3A4AE340165294160DCD7 /* PermissionService.swift in Sources */ = {isa = PBXBuildFile; fileRef = B595E1D78A10E425D9D48C34 /* PermissionService.swift */; };
		6C9B7992187775D00EBE88CD /* PermissionService.swift in Sources */ = {isa = PBXBuildFile; fileRef = B595E1D78A10E425D9D48C34 /* PermissionService.swift */; };
		719C30053F65C4A2AC2C6CBA /* KeyCombo.swift in Sources */ = {isa = PBXBuildFile; fileRef = 542F7297D61F8E6943745351 /* KeyCombo.swift */; };
		794B13D3A36E4B4E3951CC8C /* OnboardingWindow.swift in Sources */ = {isa = PBXBuildFile; fileRef = C5E81D2D3DE6A2849BB8DEFA /* OnboardingWindow.swift */; };
		7FDBE38023D696D64B59955B /* EventTrigger.swift in Sources */ = {isa = PBXBuildFile; fileRef = FDF7168F56E0D73BA47F20D3 /* EventTrigger.swift */; };
		8157D44E12E3D47F8A8DADDC /* RuleEditor.swift in Sources */ = {isa = PBXBuildFile; fileRef = BC39811E866B84955FA5D4F6 /* RuleEditor.swift */; };
		83413F653462D858EF9D9975 /* FocusedElement.swift in Sources */ = {isa = PBXBuildFile; fileRef = 3342818B2B9994226304B401 /* FocusedElement.swift */; };
		83B098FBCF43B11D0B662B0C /* SyntheticEvent.swift in Sources */ = {isa = PBXBuildFile; fileRef = B222FEA8CEA2D3560F815A6C /* SyntheticEvent.swift */; };
		8858D898B53F84D42CBFB269 /* ScrollStepperTests.swift in Sources */ = {isa = PBXBuildFile; fileRef = 15087DE16390140942799307 /* ScrollStepperTests.swift */; };
		8B714E010EF7A46A93F57F15 /* KeyRecording.swift in Sources */ = {isa = PBXBuildFile; fileRef = B468133EB5D247B76FBE8965 /* KeyRecording.swift */; };
		912C020783005C132B70314C /* RuleMatcherTests.swift in Sources */ = {isa = PBXBuildFile; fileRef = A708101ECE6E17C111DFA441 /* RuleMatcherTests.swift */; };
		92AFE7DE8899B2B214A29D16 /* EngineController.swift in Sources */ = {isa = PBXBuildFile; fileRef = 21CF5A6AADC1A2FFE5631673 /* EngineController.swift */; };
		96AB88C14A08C43B37739870 /* RuleMatcher.swift in Sources */ = {isa = PBXBuildFile; fileRef = 82D8E64863C57D05FECB554B /* RuleMatcher.swift */; };
		9B7B9A8A3C26C12B3BAFE434 /* DispatcherTests.swift in Sources */ = {isa = PBXBuildFile; fileRef = DF9BA9A6519EF06B1C05F948 /* DispatcherTests.swift */; };
		9E32C5A2F863B85D9C4ECE19 /* PermissionMonitor.swift in Sources */ = {isa = PBXBuildFile; fileRef = 8A2DA03C25A15A62CDD7258E /* PermissionMonitor.swift */; };
		A25A3AD1F2462659DC1CC380 /* ConfigurationStore.swift in Sources */ = {isa = PBXBuildFile; fileRef = BE958F089014CE0CCEA90025 /* ConfigurationStore.swift */; };
		A514BBCBD41FBAFD95F8CED7 /* ControlKey.swift in Sources */ = {isa = PBXBuildFile; fileRef = 07804BDC7C51D4B77C914313 /* ControlKey.swift */; };
		A8E891C1961CD26F3A27E93B /* ConfigurationStore.swift in Sources */ = {isa = PBXBuildFile; fileRef = BE958F089014CE0CCEA90025 /* ConfigurationStore.swift */; };
		A9489D0BA88F7E4D776D1474 /* MenuBarIcon.swift in Sources */ = {isa = PBXBuildFile; fileRef = A56A2BB921F9FD98FFE325CE /* MenuBarIcon.swift */; };
		B2F1643A7D12CF187B7E4423 /* ControlKeyTests.swift in Sources */ = {isa = PBXBuildFile; fileRef = C0716DA00216F64009A16E9A /* ControlKeyTests.swift */; };
		B67B75BB2CC557FACE6A9F66 /* BuiltInRules.swift in Sources */ = {isa = PBXBuildFile; fileRef = D1A1FEF07E1F62E9E0F60548 /* BuiltInRules.swift */; };
		C3D89D672763F1105B3525E0 /* ConfigurationTests.swift in Sources */ = {isa = PBXBuildFile; fileRef = AC6E6057419F04D112281DA2 /* ConfigurationTests.swift */; };
		C5F5A08982C8AA13574F80DA /* OnboardingController.swift in Sources */ = {isa = PBXBuildFile; fileRef = 96082856ACBC42E969537459 /* OnboardingController.swift */; };
		C97335D5A5A889D06E7AE791 /* PermissionMonitorTests.swift in Sources */ = {isa = PBXBuildFile; fileRef = 787259A999A89270DA15D66F /* PermissionMonitorTests.swift */; };
		CA26343A776777E581648645 /* DownstreamProbe.swift in Sources */ = {isa = PBXBuildFile; fileRef = A438F6AC73F9A30FBE17ED6D /* DownstreamProbe.swift */; };
		CA69F36DFFDA924E2CF26900 /* KeyCodeLabel.swift in Sources */ = {isa = PBXBuildFile; fileRef = C7ED948C2F00802E52BAF49F /* KeyCodeLabel.swift */; };
		CAC06B4DE1622AB4D046190F /* Keycap.swift in Sources */ = {isa = PBXBuildFile; fileRef = 708C0A9C5EAC893363675EAF /* Keycap.swift */; };
		CC0F81B296CC344023B4CC44 /* ScrollStepper.swift in Sources */ = {isa = PBXBuildFile; fileRef = 251FB64A66A60043BE23FE52 /* ScrollStepper.swift */; };
		D3B7AEE697CDBDCF64EF7DED /* RulesController.swift in Sources */ = {isa = PBXBuildFile; fileRef = A754B68EC7A37AE26CECC5C6 /* RulesController.swift */; };
		D5253BB0F467B15081C32DCE /* WindowsPresetTests.swift in Sources */ = {isa = PBXBuildFile; fileRef = 39F82CCDE4B6CECB35739037 /* WindowsPresetTests.swift */; };
		D70A283D1C23C5F024F14803 /* EngineControllerTests.swift in Sources */ = {isa = PBXBuildFile; fileRef = D62F496E4E2F71323B9BF86F /* EngineControllerTests.swift */; };
		D9097B1C786ACDDBB31EC711 /* ScrollStepper.swift in Sources */ = {isa = PBXBuildFile; fileRef = 251FB64A66A60043BE23FE52 /* ScrollStepper.swift */; };
		DDF0CF66405EA81A689BE2B8 /* MenuBarContent.swift in Sources */ = {isa = PBXBuildFile; fileRef = 32ACEB0B41CBD802C02C5FD4 /* MenuBarContent.swift */; };
		E1673CBA62A5E1ECCCE2DA97 /* RuleMatcher.swift in Sources */ = {isa = PBXBuildFile; fileRef = 82D8E64863C57D05FECB554B /* RuleMatcher.swift */; };
		E6085F0D9E8793B81AACAE80 /* EngineController.swift in Sources */ = {isa = PBXBuildFile; fileRef = 21CF5A6AADC1A2FFE5631673 /* EngineController.swift */; };
		EC3B2B052803EF4829977E79 /* EventTap.swift in Sources */ = {isa = PBXBuildFile; fileRef = 1EF5E2B9B7EE27FB663B83DD /* EventTap.swift */; };
		ED941C18625ED6E5D4D246D6 /* Configuration.swift in Sources */ = {isa = PBXBuildFile; fileRef = 128B9CB689364A424B8F3640 /* Configuration.swift */; };
		F27CC71FC308A9397A51DFA4 /* RuleModelTests.swift in Sources */ = {isa = PBXBuildFile; fileRef = ACC8258A4BA1EBA0B38FC473 /* RuleModelTests.swift */; };
		F3282C27664078C37C79E61E /* MainWindow.swift in Sources */ = {isa = PBXBuildFile; fileRef = 4548E0F39AC9A1003DA5FE98 /* MainWindow.swift */; };
		F3FAD7FF929CF2E00E863237 /* Scope.swift in Sources */ = {isa = PBXBuildFile; fileRef = 380C3DCFF3175605C83D7B44 /* Scope.swift */; };
		F788BD5F97662264DF992188 /* FrontmostApplication.swift in Sources */ = {isa = PBXBuildFile; fileRef = 4A48518803C5FCBBE21F3299 /* FrontmostApplication.swift */; };
		FC7E759BB0F8A02DA983FC22 /* Rule.swift in Sources */ = {isa = PBXBuildFile; fileRef = D41BF86A97C1D2936EC49111 /* Rule.swift */; };
		FE54A3657D1101357A0D2A75 /* Dispatcher.swift in Sources */ = {isa = PBXBuildFile; fileRef = 6E9FAEF38FA76CE2D4EAA172 /* Dispatcher.swift */; };
/* End PBXBuildFile section */

/* Begin PBXFileReference section */
		07804BDC7C51D4B77C914313 /* ControlKey.swift */ = {isa = PBXFileReference; lastKnownFileType = sourcecode.swift; path = ControlKey.swift; sourceTree = "<group>"; };
		0FD19BE2A7EFCF42C02C56D6 /* RulesControllerTests.swift */ = {isa = PBXFileReference; lastKnownFileType = sourcecode.swift; path = RulesControllerTests.swift; sourceTree = "<group>"; };
		128B9CB689364A424B8F3640 /* Configuration.swift */ = {isa = PBXFileReference; lastKnownFileType = sourcecode.swift; path = Configuration.swift; sourceTree = "<group>"; };
		12D84228954A785CF91645EF /* RuleEditingTests.swift */ = {isa = PBXFileReference; lastKnownFileType = sourcecode.swift; path = RuleEditingTests.swift; sourceTree = "<group>"; };
		15087DE16390140942799307 /* ScrollStepperTests.swift */ = {isa = PBXFileReference; lastKnownFileType = sourcecode.swift; path = ScrollStepperTests.swift; sourceTree = "<group>"; };
		197D09D4301A3F0BA2F38291 /* KeyBridgeApp.swift */ = {isa = PBXFileReference; lastKnownFileType = sourcecode.swift; path = KeyBridgeApp.swift; sourceTree = "<group>"; };
		1EF5E2B9B7EE27FB663B83DD /* EventTap.swift */ = {isa = PBXFileReference; lastKnownFileType = sourcecode.swift; path = EventTap.swift; sourceTree = "<group>"; };
		20E3E3D09A24B8F80A6DFF47 /* EventTapSelfTest.swift */ = {isa = PBXFileReference; lastKnownFileType = sourcecode.swift; path = EventTapSelfTest.swift; sourceTree = "<group>"; };
		21CF5A6AADC1A2FFE5631673 /* EngineController.swift */ = {isa = PBXFileReference; lastKnownFileType = sourcecode.swift; path = EngineController.swift; sourceTree = "<group>"; };
		251FB64A66A60043BE23FE52 /* ScrollStepper.swift */ = {isa = PBXFileReference; lastKnownFileType = sourcecode.swift; path = ScrollStepper.swift; sourceTree = "<group>"; };
		2561BA66378F4145D8A0F360 /* KeyBridge.app */ = {isa = PBXFileReference; explicitFileType = wrapper.application; includeInIndex = 0; path = KeyBridge.app; sourceTree = BUILT_PRODUCTS_DIR; };
		32ACEB0B41CBD802C02C5FD4 /* MenuBarContent.swift */ = {isa = PBXFileReference; lastKnownFileType = sourcecode.swift; path = MenuBarContent.swift; sourceTree = "<group>"; };
		3342818B2B9994226304B401 /* FocusedElement.swift */ = {isa = PBXFileReference; lastKnownFileType = sourcecode.swift; path = FocusedElement.swift; sourceTree = "<group>"; };
		380C3DCFF3175605C83D7B44 /* Scope.swift */ = {isa = PBXFileReference; lastKnownFileType = sourcecode.swift; path = Scope.swift; sourceTree = "<group>"; };
		39F82CCDE4B6CECB35739037 /* WindowsPresetTests.swift */ = {isa = PBXFileReference; lastKnownFileType = sourcecode.swift; path = WindowsPresetTests.swift; sourceTree = "<group>"; };
		4548E0F39AC9A1003DA5FE98 /* MainWindow.swift */ = {isa = PBXFileReference; lastKnownFileType = sourcecode.swift; path = MainWindow.swift; sourceTree = "<group>"; };
		4A48518803C5FCBBE21F3299 /* FrontmostApplication.swift */ = {isa = PBXFileReference; lastKnownFileType = sourcecode.swift; path = FrontmostApplication.swift; sourceTree = "<group>"; };
		542F7297D61F8E6943745351 /* KeyCombo.swift */ = {isa = PBXFileReference; lastKnownFileType = sourcecode.swift; path = KeyCombo.swift; sourceTree = "<group>"; };
		687E05B9F8DE493CF14920E7 /* AppDelegate.swift */ = {isa = PBXFileReference; lastKnownFileType = sourcecode.swift; path = AppDelegate.swift; sourceTree = "<group>"; };
		6E9FAEF38FA76CE2D4EAA172 /* Dispatcher.swift */ = {isa = PBXFileReference; lastKnownFileType = sourcecode.swift; path = Dispatcher.swift; sourceTree = "<group>"; };
		708C0A9C5EAC893363675EAF /* Keycap.swift */ = {isa = PBXFileReference; lastKnownFileType = sourcecode.swift; path = Keycap.swift; sourceTree = "<group>"; };
		787259A999A89270DA15D66F /* PermissionMonitorTests.swift */ = {isa = PBXFileReference; lastKnownFileType = sourcecode.swift; path = PermissionMonitorTests.swift; sourceTree = "<group>"; };
		794A137375CBE08E7894FE76 /* Sidebar.swift */ = {isa = PBXFileReference; lastKnownFileType = sourcecode.swift; path = Sidebar.swift; sourceTree = "<group>"; };
		82D8E64863C57D05FECB554B /* RuleMatcher.swift */ = {isa = PBXFileReference; lastKnownFileType = sourcecode.swift; path = RuleMatcher.swift; sourceTree = "<group>"; };
		848719F069115F286CC12A7B /* Preset.swift */ = {isa = PBXFileReference; lastKnownFileType = sourcecode.swift; path = Preset.swift; sourceTree = "<group>"; };
		8A2DA03C25A15A62CDD7258E /* PermissionMonitor.swift */ = {isa = PBXFileReference; lastKnownFileType = sourcecode.swift; path = PermissionMonitor.swift; sourceTree = "<group>"; };
		96082856ACBC42E969537459 /* OnboardingController.swift */ = {isa = PBXFileReference; lastKnownFileType = sourcecode.swift; path = OnboardingController.swift; sourceTree = "<group>"; };
		9ED462AEC11B59DB1BA5F627 /* OnboardingControllerTests.swift */ = {isa = PBXFileReference; lastKnownFileType = sourcecode.swift; path = OnboardingControllerTests.swift; sourceTree = "<group>"; };
		A438F6AC73F9A30FBE17ED6D /* DownstreamProbe.swift */ = {isa = PBXFileReference; lastKnownFileType = sourcecode.swift; path = DownstreamProbe.swift; sourceTree = "<group>"; };
		A56A2BB921F9FD98FFE325CE /* MenuBarIcon.swift */ = {isa = PBXFileReference; lastKnownFileType = sourcecode.swift; path = MenuBarIcon.swift; sourceTree = "<group>"; };
		A708101ECE6E17C111DFA441 /* RuleMatcherTests.swift */ = {isa = PBXFileReference; lastKnownFileType = sourcecode.swift; path = RuleMatcherTests.swift; sourceTree = "<group>"; };
		A754B68EC7A37AE26CECC5C6 /* RulesController.swift */ = {isa = PBXFileReference; lastKnownFileType = sourcecode.swift; path = RulesController.swift; sourceTree = "<group>"; };
		AC6E6057419F04D112281DA2 /* ConfigurationTests.swift */ = {isa = PBXFileReference; lastKnownFileType = sourcecode.swift; path = ConfigurationTests.swift; sourceTree = "<group>"; };
		ACC8258A4BA1EBA0B38FC473 /* RuleModelTests.swift */ = {isa = PBXFileReference; lastKnownFileType = sourcecode.swift; path = RuleModelTests.swift; sourceTree = "<group>"; };
		B222FEA8CEA2D3560F815A6C /* SyntheticEvent.swift */ = {isa = PBXFileReference; lastKnownFileType = sourcecode.swift; path = SyntheticEvent.swift; sourceTree = "<group>"; };
		B468133EB5D247B76FBE8965 /* KeyRecording.swift */ = {isa = PBXFileReference; lastKnownFileType = sourcecode.swift; path = KeyRecording.swift; sourceTree = "<group>"; };
		B595E1D78A10E425D9D48C34 /* PermissionService.swift */ = {isa = PBXFileReference; lastKnownFileType = sourcecode.swift; path = PermissionService.swift; sourceTree = "<group>"; };
		BC39811E866B84955FA5D4F6 /* RuleEditor.swift */ = {isa = PBXFileReference; lastKnownFileType = sourcecode.swift; path = RuleEditor.swift; sourceTree = "<group>"; };
		BE958F089014CE0CCEA90025 /* ConfigurationStore.swift */ = {isa = PBXFileReference; lastKnownFileType = sourcecode.swift; path = ConfigurationStore.swift; sourceTree = "<group>"; };
		BED7AF0AEDC194C18DD407B9 /* Signing.xcconfig */ = {isa = PBXFileReference; lastKnownFileType = text.xcconfig; path = Signing.xcconfig; sourceTree = "<group>"; };
		C0716DA00216F64009A16E9A /* ControlKeyTests.swift */ = {isa = PBXFileReference; lastKnownFileType = sourcecode.swift; path = ControlKeyTests.swift; sourceTree = "<group>"; };
		C5E81D2D3DE6A2849BB8DEFA /* OnboardingWindow.swift */ = {isa = PBXFileReference; lastKnownFileType = sourcecode.swift; path = OnboardingWindow.swift; sourceTree = "<group>"; };
		C7ED948C2F00802E52BAF49F /* KeyCodeLabel.swift */ = {isa = PBXFileReference; lastKnownFileType = sourcecode.swift; path = KeyCodeLabel.swift; sourceTree = "<group>"; };
		D1A1FEF07E1F62E9E0F60548 /* BuiltInRules.swift */ = {isa = PBXFileReference; lastKnownFileType = sourcecode.swift; path = BuiltInRules.swift; sourceTree = "<group>"; };
		D41BF86A97C1D2936EC49111 /* Rule.swift */ = {isa = PBXFileReference; lastKnownFileType = sourcecode.swift; path = Rule.swift; sourceTree = "<group>"; };
		D62F496E4E2F71323B9BF86F /* EngineControllerTests.swift */ = {isa = PBXFileReference; lastKnownFileType = sourcecode.swift; path = EngineControllerTests.swift; sourceTree = "<group>"; };
		DACB321F279D9C7CA78106A6 /* KeyCodeLabelTests.swift */ = {isa = PBXFileReference; lastKnownFileType = sourcecode.swift; path = KeyCodeLabelTests.swift; sourceTree = "<group>"; };
		DF9BA9A6519EF06B1C05F948 /* DispatcherTests.swift */ = {isa = PBXFileReference; lastKnownFileType = sourcecode.swift; path = DispatcherTests.swift; sourceTree = "<group>"; };
		E2B1C6410B112C98C119F415 /* KeyBridgeTests.xctest */ = {isa = PBXFileReference; explicitFileType = wrapper.cfbundle; includeInIndex = 0; path = KeyBridgeTests.xctest; sourceTree = BUILT_PRODUCTS_DIR; };
		FDF7168F56E0D73BA47F20D3 /* EventTrigger.swift */ = {isa = PBXFileReference; lastKnownFileType = sourcecode.swift; path = EventTrigger.swift; sourceTree = "<group>"; };
/* End PBXFileReference section */

/* Begin PBXGroup section */
		04A00916F313786DE8C0542B /* Config */ = {
			isa = PBXGroup;
			children = (
				BED7AF0AEDC194C18DD407B9 /* Signing.xcconfig */,
			);
			path = Config;
			sourceTree = "<group>";
		};
		0C459A1A8C76E5F1DC9F098C /* Engine */ = {
			isa = PBXGroup;
			children = (
				6E9FAEF38FA76CE2D4EAA172 /* Dispatcher.swift */,
				A438F6AC73F9A30FBE17ED6D /* DownstreamProbe.swift */,
				1EF5E2B9B7EE27FB663B83DD /* EventTap.swift */,
				20E3E3D09A24B8F80A6DFF47 /* EventTapSelfTest.swift */,
				FDF7168F56E0D73BA47F20D3 /* EventTrigger.swift */,
				3342818B2B9994226304B401 /* FocusedElement.swift */,
				82D8E64863C57D05FECB554B /* RuleMatcher.swift */,
				251FB64A66A60043BE23FE52 /* ScrollStepper.swift */,
				B222FEA8CEA2D3560F815A6C /* SyntheticEvent.swift */,
			);
			path = Engine;
			sourceTree = "<group>";
		};
		33AC87FEA3ACA7C8082657B0 /* Products */ = {
			isa = PBXGroup;
			children = (
				2561BA66378F4145D8A0F360 /* KeyBridge.app */,
				E2B1C6410B112C98C119F415 /* KeyBridgeTests.xctest */,
			);
			name = Products;
			sourceTree = "<group>";
		};
		37D4A23CC47E5FB690CCE8E9 /* Permissions */ = {
			isa = PBXGroup;
			children = (
				96082856ACBC42E969537459 /* OnboardingController.swift */,
				8A2DA03C25A15A62CDD7258E /* PermissionMonitor.swift */,
				B595E1D78A10E425D9D48C34 /* PermissionService.swift */,
			);
			path = Permissions;
			sourceTree = "<group>";
		};
		384049265F511E39DB8FFDF9 /* App */ = {
			isa = PBXGroup;
			children = (
				687E05B9F8DE493CF14920E7 /* AppDelegate.swift */,
				21CF5A6AADC1A2FFE5631673 /* EngineController.swift */,
				4A48518803C5FCBBE21F3299 /* FrontmostApplication.swift */,
				197D09D4301A3F0BA2F38291 /* KeyBridgeApp.swift */,
			);
			path = App;
			sourceTree = "<group>";
		};
		40C3A24990956D206AEE8E1D /* Rules */ = {
			isa = PBXGroup;
			children = (
				D1A1FEF07E1F62E9E0F60548 /* BuiltInRules.swift */,
				128B9CB689364A424B8F3640 /* Configuration.swift */,
				BE958F089014CE0CCEA90025 /* ConfigurationStore.swift */,
				07804BDC7C51D4B77C914313 /* ControlKey.swift */,
				C7ED948C2F00802E52BAF49F /* KeyCodeLabel.swift */,
				542F7297D61F8E6943745351 /* KeyCombo.swift */,
				B468133EB5D247B76FBE8965 /* KeyRecording.swift */,
				848719F069115F286CC12A7B /* Preset.swift */,
				D41BF86A97C1D2936EC49111 /* Rule.swift */,
				A754B68EC7A37AE26CECC5C6 /* RulesController.swift */,
				380C3DCFF3175605C83D7B44 /* Scope.swift */,
			);
			path = Rules;
			sourceTree = "<group>";
		};
		4F1BE0D5D81EAAB04295FC03 /* UI */ = {
			isa = PBXGroup;
			children = (
				708C0A9C5EAC893363675EAF /* Keycap.swift */,
				4548E0F39AC9A1003DA5FE98 /* MainWindow.swift */,
				32ACEB0B41CBD802C02C5FD4 /* MenuBarContent.swift */,
				A56A2BB921F9FD98FFE325CE /* MenuBarIcon.swift */,
				C5E81D2D3DE6A2849BB8DEFA /* OnboardingWindow.swift */,
				BC39811E866B84955FA5D4F6 /* RuleEditor.swift */,
				794A137375CBE08E7894FE76 /* Sidebar.swift */,
			);
			path = UI;
			sourceTree = "<group>";
		};
		9DA46AA64E58480D9D06E1D9 /* KeyBridgeTests */ = {
			isa = PBXGroup;
			children = (
				AC6E6057419F04D112281DA2 /* ConfigurationTests.swift */,
				C0716DA00216F64009A16E9A /* ControlKeyTests.swift */,
				DF9BA9A6519EF06B1C05F948 /* DispatcherTests.swift */,
				D62F496E4E2F71323B9BF86F /* EngineControllerTests.swift */,
				DACB321F279D9C7CA78106A6 /* KeyCodeLabelTests.swift */,
				9ED462AEC11B59DB1BA5F627 /* OnboardingControllerTests.swift */,
				787259A999A89270DA15D66F /* PermissionMonitorTests.swift */,
				12D84228954A785CF91645EF /* RuleEditingTests.swift */,
				A708101ECE6E17C111DFA441 /* RuleMatcherTests.swift */,
				ACC8258A4BA1EBA0B38FC473 /* RuleModelTests.swift */,
				0FD19BE2A7EFCF42C02C56D6 /* RulesControllerTests.swift */,
				15087DE16390140942799307 /* ScrollStepperTests.swift */,
				39F82CCDE4B6CECB35739037 /* WindowsPresetTests.swift */,
			);
			path = KeyBridgeTests;
			sourceTree = "<group>";
		};
		BBD418FC1D32831A5D73D727 = {
			isa = PBXGroup;
			children = (
				04A00916F313786DE8C0542B /* Config */,
				CA7535D48B037F462485F5C2 /* KeyBridge */,
				9DA46AA64E58480D9D06E1D9 /* KeyBridgeTests */,
				33AC87FEA3ACA7C8082657B0 /* Products */,
			);
			sourceTree = "<group>";
		};
		CA7535D48B037F462485F5C2 /* KeyBridge */ = {
			isa = PBXGroup;
			children = (
				384049265F511E39DB8FFDF9 /* App */,
				0C459A1A8C76E5F1DC9F098C /* Engine */,
				37D4A23CC47E5FB690CCE8E9 /* Permissions */,
				40C3A24990956D206AEE8E1D /* Rules */,
				4F1BE0D5D81EAAB04295FC03 /* UI */,
			);
			path = KeyBridge;
			sourceTree = "<group>";
		};
/* End PBXGroup section */

/* Begin PBXNativeTarget section */
		1D9CFADB10E37E660561730E /* KeyBridgeTests */ = {
			isa = PBXNativeTarget;
			buildConfigurationList = BF6CFFA7F868D1801281971A /* Build configuration list for PBXNativeTarget "KeyBridgeTests" */;
			buildPhases = (
				14EF8F7A318CA591E01603FE /* Sources */,
			);
			buildRules = (
			);
			dependencies = (
			);
			name = KeyBridgeTests;
			packageProductDependencies = (
			);
			productName = KeyBridgeTests;
			productReference = E2B1C6410B112C98C119F415 /* KeyBridgeTests.xctest */;
			productType = "com.apple.product-type.bundle.unit-test";
		};
		A79FFE2A86A884EA1FE5777E /* KeyBridge */ = {
			isa = PBXNativeTarget;
			buildConfigurationList = D9B8137C9D61824FA7DBBDCF /* Build configuration list for PBXNativeTarget "KeyBridge" */;
			buildPhases = (
				F7E39108CDE33012D59CEBE9 /* Sources */,
			);
			buildRules = (
			);
			dependencies = (
			);
			name = KeyBridge;
			packageProductDependencies = (
			);
			productName = KeyBridge;
			productReference = 2561BA66378F4145D8A0F360 /* KeyBridge.app */;
			productType = "com.apple.product-type.application";
		};
/* End PBXNativeTarget section */

/* Begin PBXProject section */
		BAFF8703E87740AB77695550 /* Project object */ = {
			isa = PBXProject;
			attributes = {
				BuildIndependentTargetsInParallel = YES;
				LastUpgradeCheck = 1430;
				TargetAttributes = {
					1D9CFADB10E37E660561730E = {
						ProvisioningStyle = Manual;
					};
					A79FFE2A86A884EA1FE5777E = {
						DevelopmentTeam = "";
						ProvisioningStyle = Manual;
					};
				};
			};
			buildConfigurationList = 3CB1100DE7D2E8E00149A32F /* Build configuration list for PBXProject "KeyBridge" */;
			developmentRegion = en;
			hasScannedForEncodings = 0;
			knownRegions = (
				Base,
				en,
			);
			mainGroup = BBD418FC1D32831A5D73D727;
			minimizedProjectReferenceProxies = 1;
			preferredProjectObjectVersion = 77;
			productRefGroup = 33AC87FEA3ACA7C8082657B0 /* Products */;
			projectDirPath = "";
			projectRoot = "";
			targets = (
				A79FFE2A86A884EA1FE5777E /* KeyBridge */,
				1D9CFADB10E37E660561730E /* KeyBridgeTests */,
			);
		};
/* End PBXProject section */

/* Begin PBXSourcesBuildPhase section */
		14EF8F7A318CA591E01603FE /* Sources */ = {
			isa = PBXSourcesBuildPhase;
			buildActionMask = 2147483647;
			files = (
				5B24EAF7E6993482CDD434D3 /* BuiltInRules.swift in Sources */,
				ED941C18625ED6E5D4D246D6 /* Configuration.swift in Sources */,
				A25A3AD1F2462659DC1CC380 /* ConfigurationStore.swift in Sources */,
				C3D89D672763F1105B3525E0 /* ConfigurationTests.swift in Sources */,
				A514BBCBD41FBAFD95F8CED7 /* ControlKey.swift in Sources */,
				B2F1643A7D12CF187B7E4423 /* ControlKeyTests.swift in Sources */,
				FE54A3657D1101357A0D2A75 /* Dispatcher.swift in Sources */,
				9B7B9A8A3C26C12B3BAFE434 /* DispatcherTests.swift in Sources */,
				92AFE7DE8899B2B214A29D16 /* EngineController.swift in Sources */,
				D70A283D1C23C5F024F14803 /* EngineControllerTests.swift in Sources */,
				16284073E6A06F4B50B3D7AA /* EventTrigger.swift in Sources */,
				CA69F36DFFDA924E2CF26900 /* KeyCodeLabel.swift in Sources */,
				4BBA3228CD04B0CDB593B527 /* KeyCodeLabelTests.swift in Sources */,
				719C30053F65C4A2AC2C6CBA /* KeyCombo.swift in Sources */,
				506B3F1B922AC2420E1B1062 /* KeyRecording.swift in Sources */,
				C5F5A08982C8AA13574F80DA /* OnboardingController.swift in Sources */,
				3E32C8A84256148DD82349BE /* OnboardingControllerTests.swift in Sources */,
				0BD1963115498DF37B2F34A5 /* PermissionMonitor.swift in Sources */,
				C97335D5A5A889D06E7AE791 /* PermissionMonitorTests.swift in Sources */,
				6C9B7992187775D00EBE88CD /* PermissionService.swift in Sources */,
				02D4C4ADD903A8EBD9249CC9 /* Preset.swift in Sources */,
				435FFFBB497EF6A209F57480 /* Rule.swift in Sources */,
				22FC3D3D1E78412110C0AAB7 /* RuleEditingTests.swift in Sources */,
				E1673CBA62A5E1ECCCE2DA97 /* RuleMatcher.swift in Sources */,
				912C020783005C132B70314C /* RuleMatcherTests.swift in Sources */,
				F27CC71FC308A9397A51DFA4 /* RuleModelTests.swift in Sources */,
				573EFCCDB359AFCF1016673D /* RulesController.swift in Sources */,
				1B97BFB873708FD8EB3B7764 /* RulesControllerTests.swift in Sources */,
				F3FAD7FF929CF2E00E863237 /* Scope.swift in Sources */,
				D9097B1C786ACDDBB31EC711 /* ScrollStepper.swift in Sources */,
				8858D898B53F84D42CBFB269 /* ScrollStepperTests.swift in Sources */,
				1EDF0B708F52B8BD4BDDCFDF /* SyntheticEvent.swift in Sources */,
				D5253BB0F467B15081C32DCE /* WindowsPresetTests.swift in Sources */,
			);
			runOnlyForDeploymentPostprocessing = 0;
		};
		F7E39108CDE33012D59CEBE9 /* Sources */ = {
			isa = PBXSourcesBuildPhase;
			buildActionMask = 2147483647;
			files = (
				67D8FC795D67E37F77CCA412 /* AppDelegate.swift in Sources */,
				B67B75BB2CC557FACE6A9F66 /* BuiltInRules.swift in Sources */,
				2027926C27C6697B960913D0 /* Configuration.swift in Sources */,
				A8E891C1961CD26F3A27E93B /* ConfigurationStore.swift in Sources */,
				54E64666073B870126B46981 /* ControlKey.swift in Sources */,
				10C65A2AF5B64DD68C24FC16 /* Dispatcher.swift in Sources */,
				CA26343A776777E581648645 /* DownstreamProbe.swift in Sources */,
				E6085F0D9E8793B81AACAE80 /* EngineController.swift in Sources */,
				EC3B2B052803EF4829977E79 /* EventTap.swift in Sources */,
				41BE24BDAF379813BCB1CAF7 /* EventTapSelfTest.swift in Sources */,
				7FDBE38023D696D64B59955B /* EventTrigger.swift in Sources */,
				83413F653462D858EF9D9975 /* FocusedElement.swift in Sources */,
				F788BD5F97662264DF992188 /* FrontmostApplication.swift in Sources */,
				0CD38FD869C5446D957B8FB9 /* KeyBridgeApp.swift in Sources */,
				48172EC3EC7D66545B713D43 /* KeyCodeLabel.swift in Sources */,
				1705151A11975DF807D7F80D /* KeyCombo.swift in Sources */,
				8B714E010EF7A46A93F57F15 /* KeyRecording.swift in Sources */,
				CAC06B4DE1622AB4D046190F /* Keycap.swift in Sources */,
				F3282C27664078C37C79E61E /* MainWindow.swift in Sources */,
				DDF0CF66405EA81A689BE2B8 /* MenuBarContent.swift in Sources */,
				A9489D0BA88F7E4D776D1474 /* MenuBarIcon.swift in Sources */,
				6154E0545939501866AA8601 /* OnboardingController.swift in Sources */,
				794B13D3A36E4B4E3951CC8C /* OnboardingWindow.swift in Sources */,
				9E32C5A2F863B85D9C4ECE19 /* PermissionMonitor.swift in Sources */,
				69B3A4AE340165294160DCD7 /* PermissionService.swift in Sources */,
				4EBE8CFB96C59B3FBE7299DC /* Preset.swift in Sources */,
				FC7E759BB0F8A02DA983FC22 /* Rule.swift in Sources */,
				8157D44E12E3D47F8A8DADDC /* RuleEditor.swift in Sources */,
				96AB88C14A08C43B37739870 /* RuleMatcher.swift in Sources */,
				D3B7AEE697CDBDCF64EF7DED /* RulesController.swift in Sources */,
				19E2BC68837D322095AC2C1F /* Scope.swift in Sources */,
				CC0F81B296CC344023B4CC44 /* ScrollStepper.swift in Sources */,
				685FDE358D13454414DC243A /* Sidebar.swift in Sources */,
				83B098FBCF43B11D0B662B0C /* SyntheticEvent.swift in Sources */,
			);
			runOnlyForDeploymentPostprocessing = 0;
		};
/* End PBXSourcesBuildPhase section */

/* Begin XCBuildConfiguration section */
		22705F3588C65BD4761291AF /* Release */ = {
			isa = XCBuildConfiguration;
			baseConfigurationReference = BED7AF0AEDC194C18DD407B9 /* Signing.xcconfig */;
			buildSettings = {
				ASSETCATALOG_COMPILER_APPICON_NAME = AppIcon;
				COMBINE_HIDPI_IMAGES = YES;
				ENABLE_APP_SANDBOX = NO;
				ENABLE_HARDENED_RUNTIME = YES;
				INFOPLIST_FILE = KeyBridge/Resources/Info.plist;
				LD_RUNPATH_SEARCH_PATHS = (
					"$(inherited)",
					"@executable_path/../Frameworks",
				);
				PRODUCT_BUNDLE_IDENTIFIER = io.github.lynnjeans.KeyBridge;
				PRODUCT_NAME = KeyBridge;
				SDKROOT = macosx;
			};
			name = Release;
		};
		638DBA37BBD54F4C482AD4A1 /* Debug */ = {
			isa = XCBuildConfiguration;
			buildSettings = {
				BUNDLE_LOADER = "$(TEST_HOST)";
				CODE_SIGN_IDENTITY = "-";
				CODE_SIGN_STYLE = Manual;
				COMBINE_HIDPI_IMAGES = YES;
				GENERATE_INFOPLIST_FILE = YES;
				LD_RUNPATH_SEARCH_PATHS = (
					"$(inherited)",
					"@executable_path/../Frameworks",
					"@loader_path/../Frameworks",
				);
				PRODUCT_BUNDLE_IDENTIFIER = io.github.lynnjeans.KeyBridgeTests;
				SDKROOT = macosx;
			};
			name = Debug;
		};
		6C8575C84069F7732D9704A3 /* Debug */ = {
			isa = XCBuildConfiguration;
			baseConfigurationReference = BED7AF0AEDC194C18DD407B9 /* Signing.xcconfig */;
			buildSettings = {
				ASSETCATALOG_COMPILER_APPICON_NAME = AppIcon;
				COMBINE_HIDPI_IMAGES = YES;
				ENABLE_APP_SANDBOX = NO;
				ENABLE_HARDENED_RUNTIME = YES;
				INFOPLIST_FILE = KeyBridge/Resources/Info.plist;
				LD_RUNPATH_SEARCH_PATHS = (
					"$(inherited)",
					"@executable_path/../Frameworks",
				);
				PRODUCT_BUNDLE_IDENTIFIER = io.github.lynnjeans.KeyBridge;
				PRODUCT_NAME = KeyBridge;
				SDKROOT = macosx;
			};
			name = Debug;
		};
		9444DBDD6178C09CA8AB5FBD /* Debug */ = {
			isa = XCBuildConfiguration;
			buildSettings = {
				ALWAYS_SEARCH_USER_PATHS = NO;
				CLANG_ANALYZER_NONNULL = YES;
				CLANG_ANALYZER_NUMBER_OBJECT_CONVERSION = YES_AGGRESSIVE;
				CLANG_CXX_LANGUAGE_STANDARD = "gnu++14";
				CLANG_CXX_LIBRARY = "libc++";
				CLANG_ENABLE_MODULES = YES;
				CLANG_ENABLE_OBJC_ARC = YES;
				CLANG_ENABLE_OBJC_WEAK = YES;
				CLANG_WARN_BLOCK_CAPTURE_AUTORELEASING = YES;
				CLANG_WARN_BOOL_CONVERSION = YES;
				CLANG_WARN_COMMA = YES;
				CLANG_WARN_CONSTANT_CONVERSION = YES;
				CLANG_WARN_DEPRECATED_OBJC_IMPLEMENTATIONS = YES;
				CLANG_WARN_DIRECT_OBJC_ISA_USAGE = YES_ERROR;
				CLANG_WARN_DOCUMENTATION_COMMENTS = YES;
				CLANG_WARN_EMPTY_BODY = YES;
				CLANG_WARN_ENUM_CONVERSION = YES;
				CLANG_WARN_INFINITE_RECURSION = YES;
				CLANG_WARN_INT_CONVERSION = YES;
				CLANG_WARN_NON_LITERAL_NULL_CONVERSION = YES;
				CLANG_WARN_OBJC_IMPLICIT_RETAIN_SELF = YES;
				CLANG_WARN_OBJC_LITERAL_CONVERSION = YES;
				CLANG_WARN_OBJC_ROOT_CLASS = YES_ERROR;
				CLANG_WARN_QUOTED_INCLUDE_IN_FRAMEWORK_HEADER = YES;
				CLANG_WARN_RANGE_LOOP_ANALYSIS = YES;
				CLANG_WARN_STRICT_PROTOTYPES = YES;
				CLANG_WARN_SUSPICIOUS_MOVE = YES;
				CLANG_WARN_UNGUARDED_AVAILABILITY = YES_AGGRESSIVE;
				CLANG_WARN_UNREACHABLE_CODE = YES;
				CLANG_WARN__DUPLICATE_METHOD_MATCH = YES;
				COPY_PHASE_STRIP = NO;
				CURRENT_PROJECT_VERSION = 1;
				DEBUG_INFORMATION_FORMAT = dwarf;
				ENABLE_STRICT_OBJC_MSGSEND = YES;
				ENABLE_TESTABILITY = YES;
				GCC_C_LANGUAGE_STANDARD = gnu11;
				GCC_DYNAMIC_NO_PIC = NO;
				GCC_NO_COMMON_BLOCKS = YES;
				GCC_OPTIMIZATION_LEVEL = 0;
				GCC_PREPROCESSOR_DEFINITIONS = (
					"$(inherited)",
					"DEBUG=1",
				);
				GCC_WARN_64_TO_32_BIT_CONVERSION = YES;
				GCC_WARN_ABOUT_RETURN_TYPE = YES_ERROR;
				GCC_WARN_UNDECLARED_SELECTOR = YES;
				GCC_WARN_UNINITIALIZED_AUTOS = YES_AGGRESSIVE;
				GCC_WARN_UNUSED_FUNCTION = YES;
				GCC_WARN_UNUSED_VARIABLE = YES;
				MACOSX_DEPLOYMENT_TARGET = 14.0;
				MARKETING_VERSION = 0.1.0;
				MTL_ENABLE_DEBUG_INFO = INCLUDE_SOURCE;
				MTL_FAST_MATH = YES;
				ONLY_ACTIVE_ARCH = YES;
				PRODUCT_NAME = "$(TARGET_NAME)";
				SDKROOT = macosx;
				SWIFT_ACTIVE_COMPILATION_CONDITIONS = DEBUG;
				SWIFT_OPTIMIZATION_LEVEL = "-Onone";
				SWIFT_VERSION = 6.0;
			};
			name = Debug;
		};
		AEA56C58418B2ACE62D51728 /* Release */ = {
			isa = XCBuildConfiguration;
			buildSettings = {
				ALWAYS_SEARCH_USER_PATHS = NO;
				CLANG_ANALYZER_NONNULL = YES;
				CLANG_ANALYZER_NUMBER_OBJECT_CONVERSION = YES_AGGRESSIVE;
				CLANG_CXX_LANGUAGE_STANDARD = "gnu++14";
				CLANG_CXX_LIBRARY = "libc++";
				CLANG_ENABLE_MODULES = YES;
				CLANG_ENABLE_OBJC_ARC = YES;
				CLANG_ENABLE_OBJC_WEAK = YES;
				CLANG_WARN_BLOCK_CAPTURE_AUTORELEASING = YES;
				CLANG_WARN_BOOL_CONVERSION = YES;
				CLANG_WARN_COMMA = YES;
				CLANG_WARN_CONSTANT_CONVERSION = YES;
				CLANG_WARN_DEPRECATED_OBJC_IMPLEMENTATIONS = YES;
				CLANG_WARN_DIRECT_OBJC_ISA_USAGE = YES_ERROR;
				CLANG_WARN_DOCUMENTATION_COMMENTS = YES;
				CLANG_WARN_EMPTY_BODY = YES;
				CLANG_WARN_ENUM_CONVERSION = YES;
				CLANG_WARN_INFINITE_RECURSION = YES;
				CLANG_WARN_INT_CONVERSION = YES;
				CLANG_WARN_NON_LITERAL_NULL_CONVERSION = YES;
				CLANG_WARN_OBJC_IMPLICIT_RETAIN_SELF = YES;
				CLANG_WARN_OBJC_LITERAL_CONVERSION = YES;
				CLANG_WARN_OBJC_ROOT_CLASS = YES_ERROR;
				CLANG_WARN_QUOTED_INCLUDE_IN_FRAMEWORK_HEADER = YES;
				CLANG_WARN_RANGE_LOOP_ANALYSIS = YES;
				CLANG_WARN_STRICT_PROTOTYPES = YES;
				CLANG_WARN_SUSPICIOUS_MOVE = YES;
				CLANG_WARN_UNGUARDED_AVAILABILITY = YES_AGGRESSIVE;
				CLANG_WARN_UNREACHABLE_CODE = YES;
				CLANG_WARN__DUPLICATE_METHOD_MATCH = YES;
				COPY_PHASE_STRIP = NO;
				CURRENT_PROJECT_VERSION = 1;
				DEBUG_INFORMATION_FORMAT = "dwarf-with-dsym";
				ENABLE_NS_ASSERTIONS = NO;
				ENABLE_STRICT_OBJC_MSGSEND = YES;
				GCC_C_LANGUAGE_STANDARD = gnu11;
				GCC_NO_COMMON_BLOCKS = YES;
				GCC_WARN_64_TO_32_BIT_CONVERSION = YES;
				GCC_WARN_ABOUT_RETURN_TYPE = YES_ERROR;
				GCC_WARN_UNDECLARED_SELECTOR = YES;
				GCC_WARN_UNINITIALIZED_AUTOS = YES_AGGRESSIVE;
				GCC_WARN_UNUSED_FUNCTION = YES;
				GCC_WARN_UNUSED_VARIABLE = YES;
				MACOSX_DEPLOYMENT_TARGET = 14.0;
				MARKETING_VERSION = 0.1.0;
				MTL_ENABLE_DEBUG_INFO = NO;
				MTL_FAST_MATH = YES;
				PRODUCT_NAME = "$(TARGET_NAME)";
				SDKROOT = macosx;
				SWIFT_COMPILATION_MODE = wholemodule;
				SWIFT_OPTIMIZATION_LEVEL = "-O";
				SWIFT_VERSION = 6.0;
			};
			name = Release;
		};
		B301E806599E6DD0CFDD7226 /* Release */ = {
			isa = XCBuildConfiguration;
			buildSettings = {
				BUNDLE_LOADER = "$(TEST_HOST)";
				CODE_SIGN_IDENTITY = "-";
				CODE_SIGN_STYLE = Manual;
				COMBINE_HIDPI_IMAGES = YES;
				GENERATE_INFOPLIST_FILE = YES;
				LD_RUNPATH_SEARCH_PATHS = (
					"$(inherited)",
					"@executable_path/../Frameworks",
					"@loader_path/../Frameworks",
				);
				PRODUCT_BUNDLE_IDENTIFIER = io.github.lynnjeans.KeyBridgeTests;
				SDKROOT = macosx;
			};
			name = Release;
		};
/* End XCBuildConfiguration section */

/* Begin XCConfigurationList section */
		3CB1100DE7D2E8E00149A32F /* Build configuration list for PBXProject "KeyBridge" */ = {
			isa = XCConfigurationList;
			buildConfigurations = (
				9444DBDD6178C09CA8AB5FBD /* Debug */,
				AEA56C58418B2ACE62D51728 /* Release */,
			);
			defaultConfigurationIsVisible = 0;
			defaultConfigurationName = Debug;
		};
		BF6CFFA7F868D1801281971A /* Build configuration list for PBXNativeTarget "KeyBridgeTests" */ = {
			isa = XCConfigurationList;
			buildConfigurations = (
				638DBA37BBD54F4C482AD4A1 /* Debug */,
				B301E806599E6DD0CFDD7226 /* Release */,
			);
			defaultConfigurationIsVisible = 0;
			defaultConfigurationName = Debug;
		};
		D9B8137C9D61824FA7DBBDCF /* Build configuration list for PBXNativeTarget "KeyBridge" */ = {
			isa = XCConfigurationList;
			buildConfigurations = (
				6C8575C84069F7732D9704A3 /* Debug */,
				22705F3588C65BD4761291AF /* Release */,
			);
			defaultConfigurationIsVisible = 0;
			defaultConfigurationName = Debug;
		};
/* End XCConfigurationList section */
	};
	rootObject = BAFF8703E87740AB77695550 /* Project object */;
}
