// !$*UTF8*$!
{
	archiveVersion = 1;
	classes = {
	};
	objectVersion = 77;
	objects = {

/* Begin PBXBuildFile section */
		0CD38FD869C5446D957B8FB9 /* KeyBridgeApp.swift in Sources */ = {isa = PBXBuildFile; fileRef = 197D09D4301A3F0BA2F38291 /* KeyBridgeApp.swift */; };
		69B3A4AE340165294160DCD7 /* PermissionService.swift in Sources */ = {isa = PBXBuildFile; fileRef = B595E1D78A10E425D9D48C34 /* PermissionService.swift */; };
		DDF0CF66405EA81A689BE2B8 /* MenuBarContent.swift in Sources */ = {isa = PBXBuildFile; fileRef = 32ACEB0B41CBD802C02C5FD4 /* MenuBarContent.swift */; };
		F3282C27664078C37C79E61E /* MainWindow.swift in Sources */ = {isa = PBXBuildFile; fileRef = 4548E0F39AC9A1003DA5FE98 /* MainWindow.swift */; };
/* End PBXBuildFile section */

/* Begin PBXFileReference section */
		197D09D4301A3F0BA2F38291 /* KeyBridgeApp.swift */ = {isa = PBXFileReference; lastKnownFileType = sourcecode.swift; path = KeyBridgeApp.swift; sourceTree = "<group>"; };
		2561BA66378F4145D8A0F360 /* KeyBridge.app */ = {isa = PBXFileReference; explicitFileType = wrapper.application; includeInIndex = 0; path = KeyBridge.app; sourceTree = BUILT_PRODUCTS_DIR; };
		32ACEB0B41CBD802C02C5FD4 /* MenuBarContent.swift */ = {isa = PBXFileReference; lastKnownFileType = sourcecode.swift; path = MenuBarContent.swift; sourceTree = "<group>"; };
		4548E0F39AC9A1003DA5FE98 /* MainWindow.swift */ = {isa = PBXFileReference; lastKnownFileType = sourcecode.swift; path = MainWindow.swift; sourceTree = "<group>"; };
		B595E1D78A10E425D9D48C34 /* PermissionService.swift */ = {isa = PBXFileReference; lastKnownFileType = sourcecode.swift; path = PermissionService.swift; sourceTree = "<group>"; };
		BED7AF0AEDC194C18DD407B9 /* Signing.xcconfig */ = {isa = PBXFileReference; lastKnownFileType = text.xcconfig; path = Signing.xcconfig; sourceTree = "<group>"; };
/* End PBXFileReference section */

/* Begin PBXGroup section */
		04A00916F313786DE8C0542B /* Config */ = {
			isa = PBXGroup;
			children = (
				BED7AF0AEDC194C18DD407B9 /* Signing.xcconfig */,
			);
			path = Config;
			sourceTree = "<group>";
		};
		33AC87FEA3ACA7C8082657B0 /* Products */ = {
			isa = PBXGroup;
			children = (
				2561BA66378F4145D8A0F360 /* KeyBridge.app */,
			);
			name = Products;
			sourceTree = "<group>";
		};
		37D4A23CC47E5FB690CCE8E9 /* Permissions */ = {
			isa = PBXGroup;
			children = (
				B595E1D78A10E425D9D48C34 /* PermissionService.swift */,
			);
			path = Permissions;
			sourceTree = "<group>";
		};
		384049265F511E39DB8FFDF9 /* App */ = {
			isa = PBXGroup;
			children = (
				197D09D4301A3F0BA2F38291 /* KeyBridgeApp.swift */,
			);
			path = App;
			sourceTree = "<group>";
		};
		4F1BE0D5D81EAAB04295FC03 /* UI */ = {
			isa = PBXGroup;
			children = (
				4548E0F39AC9A1003DA5FE98 /* MainWindow.swift */,
				32ACEB0B41CBD802C02C5FD4 /* MenuBarContent.swift */,
			);
			path = UI;
			sourceTree = "<group>";
		};
		BBD418FC1D32831A5D73D727 = {
			isa = PBXGroup;
			children = (
				04A00916F313786DE8C0542B /* Config */,
				CA7535D48B037F462485F5C2 /* KeyBridge */,
				33AC87FEA3ACA7C8082657B0 /* Products */,
			);
			sourceTree = "<group>";
		};
		CA7535D48B037F462485F5C2 /* KeyBridge */ = {
			isa = PBXGroup;
			children = (
				384049265F511E39DB8FFDF9 /* App */,
				37D4A23CC47E5FB690CCE8E9 /* Permissions */,
				4F1BE0D5D81EAAB04295FC03 /* UI */,
			);
			path = KeyBridge;
			sourceTree = "<group>";
		};
/* End PBXGroup section */

/* Begin PBXNativeTarget section */
		A79FFE2A86A884EA1FE5777E /* KeyBridge */ = {
			isa = PBXNativeTarget;
			buildConfigurationList = D9B8137C9D61824FA7DBBDCF /* Build configuration list for PBXNativeTarget "KeyBridge" */;
			buildPhases = (
				F7E39108CDE33012D59CEBE9 /* Sources */,
			);
			buildRules = (
			);
			dependencies = (
			);
			name = KeyBridge;
			packageProductDependencies = (
			);
			productName = KeyBridge;
			productReference = 2561BA66378F4145D8A0F360 /* KeyBridge.app */;
			productType = "com.apple.product-type.application";
		};
/* End PBXNativeTarget section */

/* Begin PBXProject section */
		BAFF8703E87740AB77695550 /* Project object */ = {
			isa = PBXProject;
			attributes = {
				BuildIndependentTargetsInParallel = YES;
				LastUpgradeCheck = 1430;
				TargetAttributes = {
					A79FFE2A86A884EA1FE5777E = {
						DevelopmentTeam = "";
						ProvisioningStyle = Manual;
					};
				};
			};
			buildConfigurationList = 3CB1100DE7D2E8E00149A32F /* Build configuration list for PBXProject "KeyBridge" */;
			developmentRegion = en;
			hasScannedForEncodings = 0;
			knownRegions = (
				Base,
				en,
			);
			mainGroup = BBD418FC1D32831A5D73D727;
			minimizedProjectReferenceProxies = 1;
			preferredProjectObjectVersion = 77;
			productRefGroup = 33AC87FEA3ACA7C8082657B0 /* Products */;
			projectDirPath = "";
			projectRoot = "";
			targets = (
				A79FFE2A86A884EA1FE5777E /* KeyBridge */,
			);
		};
/* End PBXProject section */

/* Begin PBXSourcesBuildPhase section */
		F7E39108CDE33012D59CEBE9 /* Sources */ = {
			isa = PBXSourcesBuildPhase;
			buildActionMask = 2147483647;
			files = (
				0CD38FD869C5446D957B8FB9 /* KeyBridgeApp.swift in Sources */,
				F3282C27664078C37C79E61E /* MainWindow.swift in Sources */,
				DDF0CF66405EA81A689BE2B8 /* MenuBarContent.swift in Sources */,
				69B3A4AE340165294160DCD7 /* PermissionService.swift in Sources */,
			);
			runOnlyForDeploymentPostprocessing = 0;
		};
/* End PBXSourcesBuildPhase section */

/* Begin XCBuildConfiguration section */
		22705F3588C65BD4761291AF /* Release */ = {
			isa = XCBuildConfiguration;
			baseConfigurationReference = BED7AF0AEDC194C18DD407B9 /* Signing.xcconfig */;
			buildSettings = {
				ASSETCATALOG_COMPILER_APPICON_NAME = AppIcon;
				COMBINE_HIDPI_IMAGES = YES;
				ENABLE_APP_SANDBOX = NO;
				ENABLE_HARDENED_RUNTIME = YES;
				INFOPLIST_FILE = KeyBridge/Resources/Info.plist;
				LD_RUNPATH_SEARCH_PATHS = (
					"$(inherited)",
					"@executable_path/../Frameworks",
				);
				PRODUCT_BUNDLE_IDENTIFIER = io.github.lynnjeans.KeyBridge;
				PRODUCT_NAME = KeyBridge;
				SDKROOT = macosx;
			};
			name = Release;
		};
		6C8575C84069F7732D9704A3 /* Debug */ = {
			isa = XCBuildConfiguration;
			baseConfigurationReference = BED7AF0AEDC194C18DD407B9 /* Signing.xcconfig */;
			buildSettings = {
				ASSETCATALOG_COMPILER_APPICON_NAME = AppIcon;
				COMBINE_HIDPI_IMAGES = YES;
				ENABLE_APP_SANDBOX = NO;
				ENABLE_HARDENED_RUNTIME = YES;
				INFOPLIST_FILE = KeyBridge/Resources/Info.plist;
				LD_RUNPATH_SEARCH_PATHS = (
					"$(inherited)",
					"@executable_path/../Frameworks",
				);
				PRODUCT_BUNDLE_IDENTIFIER = io.github.lynnjeans.KeyBridge;
				PRODUCT_NAME = KeyBridge;
				SDKROOT = macosx;
			};
			name = Debug;
		};
		9444DBDD6178C09CA8AB5FBD /* Debug */ = {
			isa = XCBuildConfiguration;
			buildSettings = {
				ALWAYS_SEARCH_USER_PATHS = NO;
				CLANG_ANALYZER_NONNULL = YES;
				CLANG_ANALYZER_NUMBER_OBJECT_CONVERSION = YES_AGGRESSIVE;
				CLANG_CXX_LANGUAGE_STANDARD = "gnu++14";
				CLANG_CXX_LIBRARY = "libc++";
				CLANG_ENABLE_MODULES = YES;
				CLANG_ENABLE_OBJC_ARC = YES;
				CLANG_ENABLE_OBJC_WEAK = YES;
				CLANG_WARN_BLOCK_CAPTURE_AUTORELEASING = YES;
				CLANG_WARN_BOOL_CONVERSION = YES;
				CLANG_WARN_COMMA = YES;
				CLANG_WARN_CONSTANT_CONVERSION = YES;
				CLANG_WARN_DEPRECATED_OBJC_IMPLEMENTATIONS = YES;
				CLANG_WARN_DIRECT_OBJC_ISA_USAGE = YES_ERROR;
				CLANG_WARN_DOCUMENTATION_COMMENTS = YES;
				CLANG_WARN_EMPTY_BODY = YES;
				CLANG_WARN_ENUM_CONVERSION = YES;
				CLANG_WARN_INFINITE_RECURSION = YES;
				CLANG_WARN_INT_CONVERSION = YES;
				CLANG_WARN_NON_LITERAL_NULL_CONVERSION = YES;
				CLANG_WARN_OBJC_IMPLICIT_RETAIN_SELF = YES;
				CLANG_WARN_OBJC_LITERAL_CONVERSION = YES;
				CLANG_WARN_OBJC_ROOT_CLASS = YES_ERROR;
				CLANG_WARN_QUOTED_INCLUDE_IN_FRAMEWORK_HEADER = YES;
				CLANG_WARN_RANGE_LOOP_ANALYSIS = YES;
				CLANG_WARN_STRICT_PROTOTYPES = YES;
				CLANG_WARN_SUSPICIOUS_MOVE = YES;
				CLANG_WARN_UNGUARDED_AVAILABILITY = YES_AGGRESSIVE;
				CLANG_WARN_UNREACHABLE_CODE = YES;
				CLANG_WARN__DUPLICATE_METHOD_MATCH = YES;
				COPY_PHASE_STRIP = NO;
				CURRENT_PROJECT_VERSION = 1;
				DEBUG_INFORMATION_FORMAT = dwarf;
				ENABLE_STRICT_OBJC_MSGSEND = YES;
				ENABLE_TESTABILITY = YES;
				GCC_C_LANGUAGE_STANDARD = gnu11;
				GCC_DYNAMIC_NO_PIC = NO;
				GCC_NO_COMMON_BLOCKS = YES;
				GCC_OPTIMIZATION_LEVEL = 0;
				GCC_PREPROCESSOR_DEFINITIONS = (
					"$(inherited)",
					"DEBUG=1",
				);
				GCC_WARN_64_TO_32_BIT_CONVERSION = YES;
				GCC_WARN_ABOUT_RETURN_TYPE = YES_ERROR;
				GCC_WARN_UNDECLARED_SELECTOR = YES;
				GCC_WARN_UNINITIALIZED_AUTOS = YES_AGGRESSIVE;
				GCC_WARN_UNUSED_FUNCTION = YES;
				GCC_WARN_UNUSED_VARIABLE = YES;
				MACOSX_DEPLOYMENT_TARGET = 14.0;
				MARKETING_VERSION = 0.1.0;
				MTL_ENABLE_DEBUG_INFO = INCLUDE_SOURCE;
				MTL_FAST_MATH = YES;
				ONLY_ACTIVE_ARCH = YES;
				PRODUCT_NAME = "$(TARGET_NAME)";
				SDKROOT = macosx;
				SWIFT_ACTIVE_COMPILATION_CONDITIONS = DEBUG;
				SWIFT_OPTIMIZATION_LEVEL = "-Onone";
				SWIFT_VERSION = 6.0;
			};
			name = Debug;
		};
		AEA56C58418B2ACE62D51728 /* Release */ = {
			isa = XCBuildConfiguration;
			buildSettings = {
				ALWAYS_SEARCH_USER_PATHS = NO;
				CLANG_ANALYZER_NONNULL = YES;
				CLANG_ANALYZER_NUMBER_OBJECT_CONVERSION = YES_AGGRESSIVE;
				CLANG_CXX_LANGUAGE_STANDARD = "gnu++14";
				CLANG_CXX_LIBRARY = "libc++";
				CLANG_ENABLE_MODULES = YES;
				CLANG_ENABLE_OBJC_ARC = YES;
				CLANG_ENABLE_OBJC_WEAK = YES;
				CLANG_WARN_BLOCK_CAPTURE_AUTORELEASING = YES;
				CLANG_WARN_BOOL_CONVERSION = YES;
				CLANG_WARN_COMMA = YES;
				CLANG_WARN_CONSTANT_CONVERSION = YES;
				CLANG_WARN_DEPRECATED_OBJC_IMPLEMENTATIONS = YES;
				CLANG_WARN_DIRECT_OBJC_ISA_USAGE = YES_ERROR;
				CLANG_WARN_DOCUMENTATION_COMMENTS = YES;
				CLANG_WARN_EMPTY_BODY = YES;
				CLANG_WARN_ENUM_CONVERSION = YES;
				CLANG_WARN_INFINITE_RECURSION = YES;
				CLANG_WARN_INT_CONVERSION = YES;
				CLANG_WARN_NON_LITERAL_NULL_CONVERSION = YES;
				CLANG_WARN_OBJC_IMPLICIT_RETAIN_SELF = YES;
				CLANG_WARN_OBJC_LITERAL_CONVERSION = YES;
				CLANG_WARN_OBJC_ROOT_CLASS = YES_ERROR;
				CLANG_WARN_QUOTED_INCLUDE_IN_FRAMEWORK_HEADER = YES;
				CLANG_WARN_RANGE_LOOP_ANALYSIS = YES;
				CLANG_WARN_STRICT_PROTOTYPES = YES;
				CLANG_WARN_SUSPICIOUS_MOVE = YES;
				CLANG_WARN_UNGUARDED_AVAILABILITY = YES_AGGRESSIVE;
				CLANG_WARN_UNREACHABLE_CODE = YES;
				CLANG_WARN__DUPLICATE_METHOD_MATCH = YES;
				COPY_PHASE_STRIP = NO;
				CURRENT_PROJECT_VERSION = 1;
				DEBUG_INFORMATION_FORMAT = "dwarf-with-dsym";
				ENABLE_NS_ASSERTIONS = NO;
				ENABLE_STRICT_OBJC_MSGSEND = YES;
				GCC_C_LANGUAGE_STANDARD = gnu11;
				GCC_NO_COMMON_BLOCKS = YES;
				GCC_WARN_64_TO_32_BIT_CONVERSION = YES;
				GCC_WARN_ABOUT_RETURN_TYPE = YES_ERROR;
				GCC_WARN_UNDECLARED_SELECTOR = YES;
				GCC_WARN_UNINITIALIZED_AUTOS = YES_AGGRESSIVE;
				GCC_WARN_UNUSED_FUNCTION = YES;
				GCC_WARN_UNUSED_VARIABLE = YES;
				MACOSX_DEPLOYMENT_TARGET = 14.0;
				MARKETING_VERSION = 0.1.0;
				MTL_ENABLE_DEBUG_INFO = NO;
				MTL_FAST_MATH = YES;
				PRODUCT_NAME = "$(TARGET_NAME)";
				SDKROOT = macosx;
				SWIFT_COMPILATION_MODE = wholemodule;
				SWIFT_OPTIMIZATION_LEVEL = "-O";
				SWIFT_VERSION = 6.0;
			};
			name = Release;
		};
/* End XCBuildConfiguration section */

/* Begin XCConfigurationList section */
		3CB1100DE7D2E8E00149A32F /* Build configuration list for PBXProject "KeyBridge" */ = {
			isa = XCConfigurationList;
			buildConfigurations = (
				9444DBDD6178C09CA8AB5FBD /* Debug */,
				AEA56C58418B2ACE62D51728 /* Release */,
			);
			defaultConfigurationIsVisible = 0;
			defaultConfigurationName = Debug;
		};
		D9B8137C9D61824FA7DBBDCF /* Build configuration list for PBXNativeTarget "KeyBridge" */ = {
			isa = XCConfigurationList;
			buildConfigurations = (
				6C8575C84069F7732D9704A3 /* Debug */,
				22705F3588C65BD4761291AF /* Release */,
			);
			defaultConfigurationIsVisible = 0;
			defaultConfigurationName = Debug;
		};
/* End XCConfigurationList section */
	};
	rootObject = BAFF8703E87740AB77695550 /* Project object */;
}
